
Microsoft Visual Studio Solution File, Format Version 12.00
# Visual Studio 15
VisualStudioVersion = 15.0.28307.2092
MinimumVisualStudioVersion = 10.0.40219.1
Project("{8BC9CEB8-8B4A-11D0-8D11-00A0C91BC942}") = "2-33", "2-33\2-33.vcxproj", "{9B96A7D8-E85A-4810-AFAD-FA2BB6A512D6}"
EndProject
Global
	GlobalSection(SolutionConfigurationPlatforms) = preSolution
		Debug|x64 = Debug|x64
		Debug|x86 = Debug|x86
		Release|x64 = Release|x64
		Release|x86 = Release|x86
	EndGlobalSection
	GlobalSection(ProjectConfigurationPlatforms) = postSolution
		{9B96A7D8-E85A-4810-AFAD-FA2BB6A512D6}.Debug|x64.ActiveCfg = Debug|x64
		{9B96A7D8-E85A-4810-AFAD-FA2BB6A512D6}.Debug|x64.Build.0 = Debug|x64
		{9B96A7D8-E85A-4810-AFAD-FA2BB6A512D6}.Debug|x86.ActiveCfg = Debug|Win32
		{9B96A7D8-E85A-4810-AFAD-FA2BB6A512D6}.Debug|x86.Build.0 = Debug|Win32
		{9B96A7D8-E85A-4810-AFAD-FA2BB6A512D6}.Release|x64.ActiveCfg = Release|x64
		{9B96A7D8-E85A-4810-AFAD-FA2BB6A512D6}.Release|x64.Build.0 = Release|x64
		{9B96A7D8-E85A-4810-AFAD-FA2BB6A512D6}.Release|x86.ActiveCfg = Release|Win32
		{9B96A7D8-E85A-4810-AFAD-FA2BB6A512D6}.Release|x86.Build.0 = Release|Win32
	EndGlobalSection
	GlobalSection(SolutionProperties) = preSolution
		HideSolutionNode = FALSE
	EndGlobalSection
	GlobalSection(ExtensibilityGlobals) = postSolution
		SolutionGuid = {40F79CB3-76E0-4ED3-B53A-E919239A4F50}
	EndGlobalSection
EndGlobal
