
Microsoft Visual Studio Solution File, Format Version 12.00
# Visual Studio 15
VisualStudioVersion = 15.0.28307.2092
MinimumVisualStudioVersion = 10.0.40219.1
Project("{8BC9CEB8-8B4A-11D0-8D11-00A0C91BC942}") = "2-21 程式", "2-21 程式\2-21 程式.vcxproj", "{045ECC19-DA0D-4DD2-AE48-B9FF8A52F4FC}"
EndProject
Global
	GlobalSection(SolutionConfigurationPlatforms) = preSolution
		Debug|x64 = Debug|x64
		Debug|x86 = Debug|x86
		Release|x64 = Release|x64
		Release|x86 = Release|x86
	EndGlobalSection
	GlobalSection(ProjectConfigurationPlatforms) = postSolution
		{045ECC19-DA0D-4DD2-AE48-B9FF8A52F4FC}.Debug|x64.ActiveCfg = Debug|x64
		{045ECC19-DA0D-4DD2-AE48-B9FF8A52F4FC}.Debug|x64.Build.0 = Debug|x64
		{045ECC19-DA0D-4DD2-AE48-B9FF8A52F4FC}.Debug|x86.ActiveCfg = Debug|Win32
		{045ECC19-DA0D-4DD2-AE48-B9FF8A52F4FC}.Debug|x86.Build.0 = Debug|Win32
		{045ECC19-DA0D-4DD2-AE48-B9FF8A52F4FC}.Release|x64.ActiveCfg = Release|x64
		{045ECC19-DA0D-4DD2-AE48-B9FF8A52F4FC}.Release|x64.Build.0 = Release|x64
		{045ECC19-DA0D-4DD2-AE48-B9FF8A52F4FC}.Release|x86.ActiveCfg = Release|Win32
		{045ECC19-DA0D-4DD2-AE48-B9FF8A52F4FC}.Release|x86.Build.0 = Release|Win32
	EndGlobalSection
	GlobalSection(SolutionProperties) = preSolution
		HideSolutionNode = FALSE
	EndGlobalSection
	GlobalSection(ExtensibilityGlobals) = postSolution
		SolutionGuid = {A8CFE1F9-21FD-4DF1-A62B-49A65D805B50}
	EndGlobalSection
EndGlobal
